# Python 3.10 / Linux amd64. Generated from requirements.in; contains no registry URLs.
contourpy==1.3.2 --hash=sha256:ad687a04bc802cbe8b9c399c07162a3c35e227e2daccf1668eb1f278cb698631
cycler==0.12.1 --hash=sha256:85cef7cff222d8644161529808465972e51340599459b8ac3ccbac5a854e0d30
fonttools==4.65.0 --hash=sha256:fb53892b570f7f1f0055e75fc4de32673e32f749c4c8a606b63d5c436650e634
kiwisolver==1.5.1 --hash=sha256:e05c2f7925f1d88778e53cb44f14e0223204a3bdd09a41664750363acfb1f2ef
matplotlib==3.10.3 --hash=sha256:a49e39755580b08e30e3620efc659330eac5d6534ab7eae50fa5e31f53ee4e30
numpy==2.2.6 --hash=sha256:fc7b73d02efb0e18c000e9ad8b83480dfcd5dfd11065997ed4c6747470ae8915
packaging==26.3 --hash=sha256:d7193f7c8e4e93f444fde0262bf90af30e16fa0ad0ad44cb553c87339b23cd1c
pandas==2.2.3 --hash=sha256:86976a1c5b25ae3f8ccae3a5306e443569ee3c3faf444dfd0f41cda24667ad57
pillow==12.3.0 --hash=sha256:f0606c8bf2cdefea14a43530f7657cbbb7ecf1c4222512492ef4a4434a9501ec
pyarrow==20.0.0 --hash=sha256:a5704f29a74b81673d266e5ec1fe376f060627c2e42c5c7651288ed4b0db29e9
pyparsing==3.3.2 --hash=sha256:850ba148bd908d7e2411587e247a1e4f0327839c40e2e5e6d05a007ecc69911d
python-dateutil==2.9.0.post0 --hash=sha256:a8b2bc7bffae282281c8140a97d3aa9c14da0b136dfe83f850eea9a5f7470427
pytz==2026.3.post1 --hash=sha256:dd95840dd199baea12d9cc096a1d452caa6596a1c1e4b5f3dbd1541855d5e815
PyYAML==6.0.2 --hash=sha256:ec031d5d2feb36d1d1a24380e4db6d43695f3748343d99434e6f5f9156aaa2ed
scipy==1.15.3 --hash=sha256:9e2abc762b0811e09a0d3258abee2d98e0c703eee49464ce0069590846f31d40
six==1.17.0 --hash=sha256:4721f391ed90541fddacab5acf947aa0d3dc7d27b2e1e8eda2be8970586c3274
tabulate==0.9.0 --hash=sha256:024ca478df22e9340661486f85298cff5f6dcdba14f3813e8830015b9ed1948f
tzdata==2026.4 --hash=sha256:c2169a8b0a7a5e9674da5a135ccdfb2b3e671b333ed9fed17b41f73c34476e81
